// !$*UTF8*$!
{
	archiveVersion = 1;
	classes = {
	};
	objectVersion = 52;
	objects = {

/* Begin PBXBuildFile section */
		C36824BC261705E500908F26 /* AppDelegate.swift in Sources */ = {isa = PBXBuildFile; fileRef = C36824BB261705E500908F26 /* AppDelegate.swift */; };
		C36824BE261705E500908F26 /* SceneDelegate.swift in Sources */ = {isa = PBXBuildFile; fileRef = C36824BD261705E500908F26 /* SceneDelegate.swift */; };
		C36824C0261705E500908F26 /* ContentView.swift in Sources */ = {isa = PBXBuildFile; fileRef = C36824BF261705E500908F26 /* ContentView.swift */; };
		C36824C2261705E600908F26 /* Assets.xcassets in Resources */ = {isa = PBXBuildFile; fileRef = C36824C1261705E600908F26 /* Assets.xcassets */; };
		C36824C5261705E600908F26 /* Preview Assets.xcassets in Resources */ = {isa = PBXBuildFile; fileRef = C36824C4261705E600908F26 /* Preview Assets.xcassets */; };
		C36824C8261705E600908F26 /* LaunchScreen.storyboard in Resources */ = {isa = PBXBuildFile; fileRef = C36824C6261705E600908F26 /* LaunchScreen.storyboard */; };
		C36824D3261705E600908F26 /* APITests.swift in Sources */ = {isa = PBXBuildFile; fileRef = C36824D2261705E600908F26 /* APITests.swift */; };
		C36824DE261705E600908F26 /* APIUITests.swift in Sources */ = {isa = PBXBuildFile; fileRef = C36824DD261705E600908F26 /* APIUITests.swift */; };
		C36824F0261707D600908F26 /* SwiftyJSON in Frameworks */ = {isa = PBXBuildFile; productRef = C36824EF261707D600908F26 /* SwiftyJSON */; };
/* End PBXBuildFile section */

/* Begin PBXContainerItemProxy section */
		C36824CF261705E600908F26 /* PBXContainerItemProxy */ = {
			isa = PBXContainerItemProxy;
			containerPortal = C36824B0261705E500908F26 /* Project object */;
			proxyType = 1;
			remoteGlobalIDString = C36824B7261705E500908F26;
			remoteInfo = API;
		};
		C36824DA261705E600908F26 /* PBXContainerItemProxy */ = {
			isa = PBXContainerItemProxy;
			containerPortal = C36824B0261705E500908F26 /* Project object */;
			proxyType = 1;
			remoteGlobalIDString = C36824B7261705E500908F26;
			remoteInfo = API;
		};
/* End PBXContainerItemProxy section */

/* Begin PBXFileReference section */
		C36824B8261705E500908F26 /* API.app */ = {isa = PBXFileReference; explicitFileType = wrapper.application; includeInIndex = 0; path = API.app; sourceTree = BUILT_PRODUCTS_DIR; };
		C36824BB261705E500908F26 /* AppDelegate.swift */ = {isa = PBXFileReference; lastKnownFileType = sourcecode.swift; path = AppDelegate.swift; sourceTree = "<group>"; };
		C36824BD261705E500908F26 /* SceneDelegate.swift */ = {isa = PBXFileReference; lastKnownFileType = sourcecode.swift; path = SceneDelegate.swift; sourceTree = "<group>"; };
		C36824BF261705E500908F26 /* ContentView.swift */ = {isa = PBXFileReference; lastKnownFileType = sourcecode.swift; path = ContentView.swift; sourceTree = "<group>"; };
		C36824C1261705E600908F26 /* Assets.xcassets */ = {isa = PBXFileReference; lastKnownFileType = folder.assetcatalog; path = Assets.xcassets; sourceTree = "<group>"; };
		C36824C4261705E600908F26 /* Preview Assets.xcassets */ = {isa = PBXFileReference; lastKnownFileType = folder.assetcatalog; path = "Preview Assets.xcassets"; sourceTree = "<group>"; };
		C36824C7261705E600908F26 /* Base */ = {isa = PBXFileReference; lastKnownFileType = file.storyboard; name = Base; path = Base.lproj/LaunchScreen.storyboard; sourceTree = "<group>"; };
		C36824C9261705E600908F26 /* Info.plist */ = {isa = PBXFileReference; lastKnownFileType = text.plist.xml; path = Info.plist; sourceTree = "<group>"; };
		C36824CE261705E600908F26 /* APITests.xctest */ = {isa = PBXFileReference; explicitFileType = wrapper.cfbundle; includeInIndex = 0; path = APITests.xctest; sourceTree = BUILT_PRODUCTS_DIR; };
		C36824D2261705E600908F26 /* APITests.swift */ = {isa = PBXFileReference; lastKnownFileType = sourcecode.swift; path = APITests.swift; sourceTree = "<group>"; };
		C36824D4261705E600908F26 /* Info.plist */ = {isa = PBXFileReference; lastKnownFileType = text.plist.xml; path = Info.plist; sourceTree = "<group>"; };
		C36824D9261705E600908F26 /* APIUITests.xctest */ = {isa = PBXFileReference; explicitFileType = wrapper.cfbundle; includeInIndex = 0; path = APIUITests.xctest; sourceTree = BUILT_PRODUCTS_DIR; };
		C36824DD261705E600908F26 /* APIUITests.swift */ = {isa = PBXFileReference; lastKnownFileType = sourcecode.swift; path = APIUITests.swift; sourceTree = "<group>"; };
		C36824DF261705E600908F26 /* Info.plist */ = {isa = PBXFileReference; lastKnownFileType = text.plist.xml; path = Info.plist; sourceTree = "<group>"; };
/* End PBXFileReference section */

/* Begin PBXFrameworksBuildPhase section */
		C36824B5261705E500908F26 /* Frameworks */ = {
			isa = PBXFrameworksBuildPhase;
			buildActionMask = 2147483647;
			files = (
				C36824F0261707D600908F26 /* SwiftyJSON in Frameworks */,
			);
			runOnlyForDeploymentPostprocessing = 0;
		};
		C36824CB261705E600908F26 /* Frameworks */ = {
			isa = PBXFrameworksBuildPhase;
			buildActionMask = 2147483647;
			files = (
			);
			runOnlyForDeploymentPostprocessing = 0;
		};
		C36824D6261705E600908F26 /* Frameworks */ = {
			isa = PBXFrameworksBuildPhase;
			buildActionMask = 2147483647;
			files = (
			);
			runOnlyForDeploymentPostprocessing = 0;
		};
/* End PBXFrameworksBuildPhase section */

/* Begin PBXGroup section */
		C36824AF261705E500908F26 = {
			isa = PBXGroup;
			children = (
				C36824BA261705E500908F26 /* API */,
				C36824D1261705E600908F26 /* APITests */,
				C36824DC261705E600908F26 /* APIUITests */,
				C36824B9261705E500908F26 /* Products */,
			);
			sourceTree = "<group>";
		};
		C36824B9261705E500908F26 /* Products */ = {
			isa = PBXGroup;
			children = (
				C36824B8261705E500908F26 /* API.app */,
				C36824CE261705E600908F26 /* APITests.xctest */,
				C36824D9261705E600908F26 /* APIUITests.xctest */,
			);
			name = Products;
			sourceTree = "<group>";
		};
		C36824BA261705E500908F26 /* API */ = {
			isa = PBXGroup;
			children = (
				C36824BB261705E500908F26 /* AppDelegate.swift */,
				C36824BD261705E500908F26 /* SceneDelegate.swift */,
				C36824BF261705E500908F26 /* ContentView.swift */,
				C36824C1261705E600908F26 /* Assets.xcassets */,
				C36824C6261705E600908F26 /* LaunchScreen.storyboard */,
				C36824C9261705E600908F26 /* Info.plist */,
				C36824C3261705E600908F26 /* Preview Content */,
			);
			path = API;
			sourceTree = "<group>";
		};
		C36824C3261705E600908F26 /* Preview Content */ = {
			isa = PBXGroup;
			children = (
				C36824C4261705E600908F26 /* Preview Assets.xcassets */,
			);
			path = "Preview Content";
			sourceTree = "<group>";
		};
		C36824D1261705E600908F26 /* APITests */ = {
			isa = PBXGroup;
			children = (
				C36824D2261705E600908F26 /* APITests.swift */,
				C36824D4261705E600908F26 /* Info.plist */,
			);
			path = APITests;
			sourceTree = "<group>";
		};
		C36824DC261705E600908F26 /* APIUITests */ = {
			isa = PBXGroup;
			children = (
				C36824DD261705E600908F26 /* APIUITests.swift */,
				C36824DF261705E600908F26 /* Info.plist */,
			);
			path = APIUITests;
			sourceTree = "<group>";
		};
/* End PBXGroup section */

/* Begin PBXNativeTarget section */
		C36824B7261705E500908F26 /* API */ = {
			isa = PBXNativeTarget;
			buildConfigurationList = C36824E2261705E600908F26 /* Build configuration list for PBXNativeTarget "API" */;
			buildPhases = (
				C36824B4261705E500908F26 /* Sources */,
				C36824B5261705E500908F26 /* Frameworks */,
				C36824B6261705E500908F26 /* Resources */,
			);
			buildRules = (
			);
			dependencies = (
			);
			name = API;
			packageProductDependencies = (
				C36824EF261707D600908F26 /* SwiftyJSON */,
			);
			productName = API;
			productReference = C36824B8261705E500908F26 /* API.app */;
			productType = "com.apple.product-type.application";
		};
		C36824CD261705E600908F26 /* APITests */ = {
			isa = PBXNativeTarget;
			buildConfigurationList = C36824E5261705E600908F26 /* Build configuration list for PBXNativeTarget "APITests" */;
			buildPhases = (
				C36824CA261705E600908F26 /* Sources */,
				C36824CB261705E600908F26 /* Frameworks */,
				C36824CC261705E600908F26 /* Resources */,
			);
			buildRules = (
			);
			dependencies = (
				C36824D0261705E600908F26 /* PBXTargetDependency */,
			);
			name = APITests;
			productName = APITests;
			productReference = C36824CE261705E600908F26 /* APITests.xctest */;
			productType = "com.apple.product-type.bundle.unit-test";
		};
		C36824D8261705E600908F26 /* APIUITests */ = {
			isa = PBXNativeTarget;
			buildConfigurationList = C36824E8261705E600908F26 /* Build configuration list for PBXNativeTarget "APIUITests" */;
			buildPhases = (
				C36824D5261705E600908F26 /* Sources */,
				C36824D6261705E600908F26 /* Frameworks */,
				C36824D7261705E600908F26 /* Resources */,
			);
			buildRules = (
			);
			dependencies = (
				C36824DB261705E600908F26 /* PBXTargetDependency */,
			);
			name = APIUITests;
			productName = APIUITests;
			productReference = C36824D9261705E600908F26 /* APIUITests.xctest */;
			productType = "com.apple.product-type.bundle.ui-testing";
		};
/* End PBXNativeTarget section */

/* Begin PBXProject section */
		C36824B0261705E500908F26 /* Project object */ = {
			isa = PBXProject;
			attributes = {
				LastSwiftUpdateCheck = 1240;
				LastUpgradeCheck = 1240;
				TargetAttributes = {
					C36824B7261705E500908F26 = {
						CreatedOnToolsVersion = 12.4;
					};
					C36824CD261705E600908F26 = {
						CreatedOnToolsVersion = 12.4;
						TestTargetID = C36824B7261705E500908F26;
					};
					C36824D8261705E600908F26 = {
						CreatedOnToolsVersion = 12.4;
						TestTargetID = C36824B7261705E500908F26;
					};
				};
			};
			buildConfigurationList = C36824B3261705E500908F26 /* Build configuration list for PBXProject "API" */;
			compatibilityVersion = "Xcode 9.3";
			developmentRegion = en;
			hasScannedForEncodings = 0;
			knownRegions = (
				en,
				Base,
			);
			mainGroup = C36824AF261705E500908F26;
			packageReferences = (
				C36824EE261707D600908F26 /* XCRemoteSwiftPackageReference "SwiftyJSON" */,
			);
			productRefGroup = C36824B9261705E500908F26 /* Products */;
			projectDirPath = "";
			projectRoot = "";
			targets = (
				C36824B7261705E500908F26 /* API */,
				C36824CD261705E600908F26 /* APITests */,
				C36824D8261705E600908F26 /* APIUITests */,
			);
		};
/* End PBXProject section */

/* Begin PBXResourcesBuildPhase section */
		C36824B6261705E500908F26 /* Resources */ = {
			isa = PBXResourcesBuildPhase;
			buildActionMask = 2147483647;
			files = (
				C36824C8261705E600908F26 /* LaunchScreen.storyboard in Resources */,
				C36824C5261705E600908F26 /* Preview Assets.xcassets in Resources */,
				C36824C2261705E600908F26 /* Assets.xcassets in Resources */,
			);
			runOnlyForDeploymentPostprocessing = 0;
		};
		C36824CC261705E600908F26 /* Resources */ = {
			isa = PBXResourcesBuildPhase;
			buildActionMask = 2147483647;
			files = (
			);
			runOnlyForDeploymentPostprocessing = 0;
		};
		C36824D7261705E600908F26 /* Resources */ = {
			isa = PBXResourcesBuildPhase;
			buildActionMask = 2147483647;
			files = (
			);
			runOnlyForDeploymentPostprocessing = 0;
		};
/* End PBXResourcesBuildPhase section */

/* Begin PBXSourcesBuildPhase section */
		C36824B4261705E500908F26 /* Sources */ = {
			isa = PBXSourcesBuildPhase;
			buildActionMask = 2147483647;
			files = (
				C36824BC261705E500908F26 /* AppDelegate.swift in Sources */,
				C36824BE261705E500908F26 /* SceneDelegate.swift in Sources */,
				C36824C0261705E500908F26 /* ContentView.swift in Sources */,
			);
			runOnlyForDeploymentPostprocessing = 0;
		};
		C36824CA261705E600908F26 /* Sources */ = {
			isa = PBXSourcesBuildPhase;
			buildActionMask = 2147483647;
			files = (
				C36824D3261705E600908F26 /* APITests.swift in Sources */,
			);
			runOnlyForDeploymentPostprocessing = 0;
		};
		C36824D5261705E600908F26 /* Sources */ = {
			isa = PBXSourcesBuildPhase;
			buildActionMask = 2147483647;
			files = (
				C36824DE261705E600908F26 /* APIUITests.swift in Sources */,
			);
			runOnlyForDeploymentPostprocessing = 0;
		};
/* End PBXSourcesBuildPhase section */

/* Begin PBXTargetDependency section */
		C36824D0261705E600908F26 /* PBXTargetDependency */ = {
			isa = PBXTargetDependency;
			target = C36824B7261705E500908F26 /* API */;
			targetProxy = C36824CF261705E600908F26 /* PBXContainerItemProxy */;
		};
		C36824DB261705E600908F26 /* PBXTargetDependency */ = {
			isa = PBXTargetDependency;
			target = C36824B7261705E500908F26 /* API */;
			targetProxy = C36824DA261705E600908F26 /* PBXContainerItemProxy */;
		};
/* End PBXTargetDependency section */

/* Begin PBXVariantGroup section */
		C36824C6261705E600908F26 /* LaunchScreen.storyboard */ = {
			isa = PBXVariantGroup;
			children = (
				C36824C7261705E600908F26 /* Base */,
			);
			name = LaunchScreen.storyboard;
			sourceTree = "<group>";
		};
/* End PBXVariantGroup section */

/* Begin XCBuildConfiguration section */
		C36824E0261705E600908F26 /* Debug */ = {
			isa = XCBuildConfiguration;
			buildSettings = {
				ALWAYS_SEARCH_USER_PATHS = NO;
				CLANG_ANALYZER_NONNULL = YES;
				CLANG_ANALYZER_NUMBER_OBJECT_CONVERSION = YES_AGGRESSIVE;
				CLANG_CXX_LANGUAGE_STANDARD = "gnu++14";
				CLANG_CXX_LIBRARY = "libc++";
				CLANG_ENABLE_MODULES = YES;
				CLANG_ENABLE_OBJC_ARC = YES;
				CLANG_ENABLE_OBJC_WEAK = YES;
				CLANG_WARN_BLOCK_CAPTURE_AUTORELEASING = YES;
				CLANG_WARN_BOOL_CONVERSION = YES;
				CLANG_WARN_COMMA = YES;
				CLANG_WARN_CONSTANT_CONVERSION = YES;
				CLANG_WARN_DEPRECATED_OBJC_IMPLEMENTATIONS = YES;
				CLANG_WARN_DIRECT_OBJC_ISA_USAGE = YES_ERROR;
				CLANG_WARN_DOCUMENTATION_COMMENTS = YES;
				CLANG_WARN_EMPTY_BODY = YES;
				CLANG_WARN_ENUM_CONVERSION = YES;
				CLANG_WARN_INFINITE_RECURSION = YES;
				CLANG_WARN_INT_CONVERSION = YES;
				CLANG_WARN_NON_LITERAL_NULL_CONVERSION = YES;
				CLANG_WARN_OBJC_IMPLICIT_RETAIN_SELF = YES;
				CLANG_WARN_OBJC_LITERAL_CONVERSION = YES;
				CLANG_WARN_OBJC_ROOT_CLASS = YES_ERROR;
				CLANG_WARN_QUOTED_INCLUDE_IN_FRAMEWORK_HEADER = YES;
				CLANG_WARN_RANGE_LOOP_ANALYSIS = YES;
				CLANG_WARN_STRICT_PROTOTYPES = YES;
				CLANG_WARN_SUSPICIOUS_MOVE = YES;
				CLANG_WARN_UNGUARDED_AVAILABILITY = YES_AGGRESSIVE;
				CLANG_WARN_UNREACHABLE_CODE = YES;
				CLANG_WARN__DUPLICATE_METHOD_MATCH = YES;
				COPY_PHASE_STRIP = NO;
				DEBUG_INFORMATION_FORMAT = dwarf;
				ENABLE_STRICT_OBJC_MSGSEND = YES;
				ENABLE_TESTABILITY = YES;
				GCC_C_LANGUAGE_STANDARD = gnu11;
				GCC_DYNAMIC_NO_PIC = NO;
				GCC_NO_COMMON_BLOCKS = YES;
				GCC_OPTIMIZATION_LEVEL = 0;
				GCC_PREPROCESSOR_DEFINITIONS = (
					"DEBUG=1",
					"$(inherited)",
				);
				GCC_WARN_64_TO_32_BIT_CONVERSION = YES;
				GCC_WARN_ABOUT_RETURN_TYPE = YES_ERROR;
				GCC_WARN_UNDECLARED_SELECTOR = YES;
				GCC_WARN_UNINITIALIZED_AUTOS = YES_AGGRESSIVE;
				GCC_WARN_UNUSED_FUNCTION = YES;
				GCC_WARN_UNUSED_VARIABLE = YES;
				IPHONEOS_DEPLOYMENT_TARGET = 14.4;
				MTL_ENABLE_DEBUG_INFO = INCLUDE_SOURCE;
				MTL_FAST_MATH = YES;
				ONLY_ACTIVE_ARCH = YES;
				SDKROOT = iphoneos;
				SWIFT_ACTIVE_COMPILATION_CONDITIONS = DEBUG;
				SWIFT_OPTIMIZATION_LEVEL = "-Onone";
			};
			name = Debug;
		};
		C36824E1261705E600908F26 /* Release */ = {
			isa = XCBuildConfiguration;
			buildSettings = {
				ALWAYS_SEARCH_USER_PATHS = NO;
				CLANG_ANALYZER_NONNULL = YES;
				CLANG_ANALYZER_NUMBER_OBJECT_CONVERSION = YES_AGGRESSIVE;
				CLANG_CXX_LANGUAGE_STANDARD = "gnu++14";
				CLANG_CXX_LIBRARY = "libc++";
				CLANG_ENABLE_MODULES = YES;
				CLANG_ENABLE_OBJC_ARC = YES;
				CLANG_ENABLE_OBJC_WEAK = YES;
				CLANG_WARN_BLOCK_CAPTURE_AUTORELEASING = YES;
				CLANG_WARN_BOOL_CONVERSION = YES;
				CLANG_WARN_COMMA = YES;
				CLANG_WARN_CONSTANT_CONVERSION = YES;
				CLANG_WARN_DEPRECATED_OBJC_IMPLEMENTATIONS = YES;
				CLANG_WARN_DIRECT_OBJC_ISA_USAGE = YES_ERROR;
				CLANG_WARN_DOCUMENTATION_COMMENTS = YES;
				CLANG_WARN_EMPTY_BODY = YES;
				CLANG_WARN_ENUM_CONVERSION = YES;
				CLANG_WARN_INFINITE_RECURSION = YES;
				CLANG_WARN_INT_CONVERSION = YES;
				CLANG_WARN_NON_LITERAL_NULL_CONVERSION = YES;
				CLANG_WARN_OBJC_IMPLICIT_RETAIN_SELF = YES;
				CLANG_WARN_OBJC_LITERAL_CONVERSION = YES;
				CLANG_WARN_OBJC_ROOT_CLASS = YES_ERROR;
				CLANG_WARN_QUOTED_INCLUDE_IN_FRAMEWORK_HEADER = YES;
				CLANG_WARN_RANGE_LOOP_ANALYSIS = YES;
				CLANG_WARN_STRICT_PROTOTYPES = YES;
				CLANG_WARN_SUSPICIOUS_MOVE = YES;
				CLANG_WARN_UNGUARDED_AVAILABILITY = YES_AGGRESSIVE;
				CLANG_WARN_UNREACHABLE_CODE = YES;
				CLANG_WARN__DUPLICATE_METHOD_MATCH = YES;
				COPY_PHASE_STRIP = NO;
				DEBUG_INFORMATION_FORMAT = "dwarf-with-dsym";
				ENABLE_NS_ASSERTIONS = NO;
				ENABLE_STRICT_OBJC_MSGSEND = YES;
				GCC_C_LANGUAGE_STANDARD = gnu11;
				GCC_NO_COMMON_BLOCKS = YES;
				GCC_WARN_64_TO_32_BIT_CONVERSION = YES;
				GCC_WARN_ABOUT_RETURN_TYPE = YES_ERROR;
				GCC_WARN_UNDECLARED_SELECTOR = YES;
				GCC_WARN_UNINITIALIZED_AUTOS = YES_AGGRESSIVE;
				GCC_WARN_UNUSED_FUNCTION = YES;
				GCC_WARN_UNUSED_VARIABLE = YES;
				IPHONEOS_DEPLOYMENT_TARGET = 14.4;
				MTL_ENABLE_DEBUG_INFO = NO;
				MTL_FAST_MATH = YES;
				SDKROOT = iphoneos;
				SWIFT_COMPILATION_MODE = wholemodule;
				SWIFT_OPTIMIZATION_LEVEL = "-O";
				VALIDATE_PRODUCT = YES;
			};
			name = Release;
		};
		C36824E3261705E600908F26 /* Debug */ = {
			isa = XCBuildConfiguration;
			buildSettings = {
				ASSETCATALOG_COMPILER_APPICON_NAME = AppIcon;
				ASSETCATALOG_COMPILER_GLOBAL_ACCENT_COLOR_NAME = AccentColor;
				CODE_SIGN_STYLE = Automatic;
				DEVELOPMENT_ASSET_PATHS = "\"API/Preview Content\"";
				ENABLE_PREVIEWS = YES;
				INFOPLIST_FILE = API/Info.plist;
				LD_RUNPATH_SEARCH_PATHS = (
					"$(inherited)",
					"@executable_path/Frameworks",
				);
				PRODUCT_BUNDLE_IDENTIFIER = kp11.API;
				PRODUCT_NAME = "$(TARGET_NAME)";
				SWIFT_VERSION = 5.0;
				TARGETED_DEVICE_FAMILY = "1,2";
			};
			name = Debug;
		};
		C36824E4261705E600908F26 /* Release */ = {
			isa = XCBuildConfiguration;
			buildSettings = {
				ASSETCATALOG_COMPILER_APPICON_NAME = AppIcon;
				ASSETCATALOG_COMPILER_GLOBAL_ACCENT_COLOR_NAME = AccentColor;
				CODE_SIGN_STYLE = Automatic;
				DEVELOPMENT_ASSET_PATHS = "\"API/Preview Content\"";
				ENABLE_PREVIEWS = YES;
				INFOPLIST_FILE = API/Info.plist;
				LD_RUNPATH_SEARCH_PATHS = (
					"$(inherited)",
					"@executable_path/Frameworks",
				);
				PRODUCT_BUNDLE_IDENTIFIER = kp11.API;
				PRODUCT_NAME = "$(TARGET_NAME)";
				SWIFT_VERSION = 5.0;
				TARGETED_DEVICE_FAMILY = "1,2";
			};
			name = Release;
		};
		C36824E6261705E600908F26 /* Debug */ = {
			isa = XCBuildConfiguration;
			buildSettings = {
				ALWAYS_EMBED_SWIFT_STANDARD_LIBRARIES = YES;
				BUNDLE_LOADER = "$(TEST_HOST)";
				CODE_SIGN_STYLE = Automatic;
				INFOPLIST_FILE = APITests/Info.plist;
				IPHONEOS_DEPLOYMENT_TARGET = 14.4;
				LD_RUNPATH_SEARCH_PATHS = (
					"$(inherited)",
					"@executable_path/Frameworks",
					"@loader_path/Frameworks",
				);
				PRODUCT_BUNDLE_IDENTIFIER = kp11.APITests;
				PRODUCT_NAME = "$(TARGET_NAME)";
				SWIFT_VERSION = 5.0;
				TARGETED_DEVICE_FAMILY = "1,2";
				TEST_HOST = "$(BUILT_PRODUCTS_DIR)/API.app/API";
			};
			name = Debug;
		};
		C36824E7261705E600908F26 /* Release */ = {
			isa = XCBuildConfiguration;
			buildSettings = {
				ALWAYS_EMBED_SWIFT_STANDARD_LIBRARIES = YES;
				BUNDLE_LOADER = "$(TEST_HOST)";
				CODE_SIGN_STYLE = Automatic;
				INFOPLIST_FILE = APITests/Info.plist;
				IPHONEOS_DEPLOYMENT_TARGET = 14.4;
				LD_RUNPATH_SEARCH_PATHS = (
					"$(inherited)",
					"@executable_path/Frameworks",
					"@loader_path/Frameworks",
				);
				PRODUCT_BUNDLE_IDENTIFIER = kp11.APITests;
				PRODUCT_NAME = "$(TARGET_NAME)";
				SWIFT_VERSION = 5.0;
				TARGETED_DEVICE_FAMILY = "1,2";
				TEST_HOST = "$(BUILT_PRODUCTS_DIR)/API.app/API";
			};
			name = Release;
		};
		C36824E9261705E600908F26 /* Debug */ = {
			isa = XCBuildConfiguration;
			buildSettings = {
				ALWAYS_EMBED_SWIFT_STANDARD_LIBRARIES = YES;
				CODE_SIGN_STYLE = Automatic;
				INFOPLIST_FILE = APIUITests/Info.plist;
				LD_RUNPATH_SEARCH_PATHS = (
					"$(inherited)",
					"@executable_path/Frameworks",
					"@loader_path/Frameworks",
				);
				PRODUCT_BUNDLE_IDENTIFIER = kp11.APIUITests;
				PRODUCT_NAME = "$(TARGET_NAME)";
				SWIFT_VERSION = 5.0;
				TARGETED_DEVICE_FAMILY = "1,2";
				TEST_TARGET_NAME = API;
			};
			name = Debug;
		};
		C36824EA261705E600908F26 /* Release */ = {
			isa = XCBuildConfiguration;
			buildSettings = {
				ALWAYS_EMBED_SWIFT_STANDARD_LIBRARIES = YES;
				CODE_SIGN_STYLE = Automatic;
				INFOPLIST_FILE = APIUITests/Info.plist;
				LD_RUNPATH_SEARCH_PATHS = (
					"$(inherited)",
					"@executable_path/Frameworks",
					"@loader_path/Frameworks",
				);
				PRODUCT_BUNDLE_IDENTIFIER = kp11.APIUITests;
				PRODUCT_NAME = "$(TARGET_NAME)";
				SWIFT_VERSION = 5.0;
				TARGETED_DEVICE_FAMILY = "1,2";
				TEST_TARGET_NAME = API;
			};
			name = Release;
		};
/* End XCBuildConfiguration section */

/* Begin XCConfigurationList section */
		C36824B3261705E500908F26 /* Build configuration list for PBXProject "API" */ = {
			isa = XCConfigurationList;
			buildConfigurations = (
				C36824E0261705E600908F26 /* Debug */,
				C36824E1261705E600908F26 /* Release */,
			);
			defaultConfigurationIsVisible = 0;
			defaultConfigurationName = Release;
		};
		C36824E2261705E600908F26 /* Build configuration list for PBXNativeTarget "API" */ = {
			isa = XCConfigurationList;
			buildConfigurations = (
				C36824E3261705E600908F26 /* Debug */,
				C36824E4261705E600908F26 /* Release */,
			);
			defaultConfigurationIsVisible = 0;
			defaultConfigurationName = Release;
		};
		C36824E5261705E600908F26 /* Build configuration list for PBXNativeTarget "APITests" */ = {
			isa = XCConfigurationList;
			buildConfigurations = (
				C36824E6261705E600908F26 /* Debug */,
				C36824E7261705E600908F26 /* Release */,
			);
			defaultConfigurationIsVisible = 0;
			defaultConfigurationName = Release;
		};
		C36824E8261705E600908F26 /* Build configuration list for PBXNativeTarget "APIUITests" */ = {
			isa = XCConfigurationList;
			buildConfigurations = (
				C36824E9261705E600908F26 /* Debug */,
				C36824EA261705E600908F26 /* Release */,
			);
			defaultConfigurationIsVisible = 0;
			defaultConfigurationName = Release;
		};
/* End XCConfigurationList section */

/* Begin XCRemoteSwiftPackageReference section */
		C36824EE261707D600908F26 /* XCRemoteSwiftPackageReference "SwiftyJSON" */ = {
			isa = XCRemoteSwiftPackageReference;
			repositoryURL = "https://github.com/SwiftyJSON/SwiftyJSON";
			requirement = {
				kind = upToNextMajorVersion;
				minimumVersion = 5.0.1;
			};
		};
/* End XCRemoteSwiftPackageReference section */

/* Begin XCSwiftPackageProductDependency section */
		C36824EF261707D600908F26 /* SwiftyJSON */ = {
			isa = XCSwiftPackageProductDependency;
			package = C36824EE261707D600908F26 /* XCRemoteSwiftPackageReference "SwiftyJSON" */;
			productName = SwiftyJSON;
		};
/* End XCSwiftPackageProductDependency section */
	};
	rootObject = C36824B0261705E500908F26 /* Project object */;
}
